
Microsoft Visual Studio Solution File, Format Version 12.00
# Visual Studio Version 16
VisualStudioVersion = 16.0.29613.14
MinimumVisualStudioVersion = 10.0.40219.1
Project("{FAE04EC0-301F-11D3-BF4B-00C04F79EFBC}") = "TodoList", "TodoList.csproj", "{C7633D87-63E1-414F-BEAA-9939A03DEF0A}"
EndProject
Global
	GlobalSection(SolutionConfigurationPlatforms) = preSolution
		Debug|Any CPU = Debug|Any CPU
		Release|Any CPU = Release|Any CPU
	EndGlobalSection
	GlobalSection(ProjectConfigurationPlatforms) = postSolution
		{C7633D87-63E1-414F-BEAA-9939A03DEF0A}.Debug|Any CPU.ActiveCfg = Debug|Any CPU
		{C7633D87-63E1-414F-BEAA-9939A03DEF0A}.Debug|Any CPU.Build.0 = Debug|Any CPU
		{C7633D87-63E1-414F-BEAA-9939A03DEF0A}.Release|Any CPU.ActiveCfg = Release|Any CPU
		{C7633D87-63E1-414F-BEAA-9939A03DEF0A}.Release|Any CPU.Build.0 = Release|Any CPU
	EndGlobalSection
	GlobalSection(SolutionProperties) = preSolution
		HideSolutionNode = FALSE
	EndGlobalSection
	GlobalSection(ExtensibilityGlobals) = postSolution
		SolutionGuid = {542AD082-CF0B-4B4B-ADC1-33E1CFF8B7D1}
	EndGlobalSection
EndGlobal
